PODS:
  - CocoaLumberjack (1.6.5.1):
    - CocoaLumberjack/Core
    - CocoaLumberjack/Extensions
  - CocoaLumberjack/Core (1.6.5.1)
  - CocoaLumberjack/Extensions (1.6.5.1):
    - CocoaLumberjack/Core
  - Ethanol (1.1.0-beta):
    - Ethanol/Core
  - Ethanol/Common (1.1.0-beta)
  - Ethanol/Core (1.1.0-beta):
    - Ethanol/Common
  - HockeySDK (3.5.6)

DEPENDENCIES:
  - CocoaLumberjack (~> 1.6.5)
  - Ethanol (from `https://github.com/Fueled/ethanol-ios.git`, branch `develop`)
  - HockeySDK (~> 3.5.1)

EXTERNAL SOURCES:
  Ethanol:
    :branch: develop
    :git: https://github.com/Fueled/ethanol-ios.git

SPEC CHECKSUMS:
  CocoaLumberjack: baf4a09a3bcbdfea3363556a90104e026d3504e2
  Ethanol: b30cac9ae06cd13b0044247139c0f70e91971c7b
  HockeySDK: 27d8b411208f9d3f70c8f6695a8defa2a3465721

COCOAPODS: 0.33.1
