PODS:
  - CocoaLumberjack (1.6.5.1):
    - CocoaLumberjack/Core
    - CocoaLumberjack/Extensions
  - CocoaLumberjack/Core (1.6.5.1)
  - CocoaLumberjack/Extensions (1.6.5.1):
    - CocoaLumberjack/Core
  - HockeySDK (3.5.1)

DEPENDENCIES:
  - CocoaLumberjack (~> 1.6.5)
  - HockeySDK (~> 3.5.1)

SPEC CHECKSUMS:
  CocoaLumberjack: 17803afbade3126a377d32b8d23367264b44ced6
  HockeySDK: 7dfbfa6cdbae199d66eef638e9682b93b00acb95

COCOAPODS: 0.27.1
