<?xml version="1.0" encoding="UTF-8"?>
<Scheme
   LastUpgradeVersion = "0500"
   version = "1.7">
   <BuildAction
      parallelizeBuildables = "YES"
      buildImplicitDependencies = "YES">
      <PreActions>
         <ExecutionAction
            ActionType = "Xcode.IDEStandardExecutionActionsCore.ExecutionActionType.ShellScriptAction">
            <ActionContent
               title = "Run Script"
               scriptText = "cd /Users/Shared/scripts/&#10;./pre_action_buildnumber.sh">
               <EnvironmentBuildable>
                  <BuildableReference
                     BuildableIdentifier = "primary"
                     BlueprintIdentifier = "0E5FC0FB185620E4001A395D"
                     BuildableName = "TemplateProject.app"
                     BlueprintName = "TemplateProject"
                     ReferencedContainer = "container:TemplateProject.xcodeproj">
                  </BuildableReference>
               </EnvironmentBuildable>
            </ActionContent>
         </ExecutionAction>
      </PreActions>
      <BuildActionEntries>
         <BuildActionEntry
            buildForTesting = "YES"
            buildForRunning = "YES"
            buildForProfiling = "YES"
            buildForArchiving = "YES"
            buildForAnalyzing = "YES">
            <BuildableReference
               BuildableIdentifier = "primary"
               BlueprintIdentifier = "0E5FC0FB185620E4001A395D"
               BuildableName = "TemplateProject.app"
               BlueprintName = "TemplateProject"
               ReferencedContainer = "container:TemplateProject.xcodeproj">
            </BuildableReference>
         </BuildActionEntry>
      </BuildActionEntries>
   </BuildAction>
   <TestAction
      selectedDebuggerIdentifier = "Xcode.DebuggerFoundation.Debugger.LLDB"
      selectedLauncherIdentifier = "Xcode.DebuggerFoundation.Launcher.LLDB"
      shouldUseLaunchSchemeArgsEnv = "YES"
      buildConfiguration = "Snapshot">
      <Testables>
         <TestableReference
            skipped = "NO">
            <BuildableReference
               BuildableIdentifier = "primary"
               BlueprintIdentifier = "0E5FC116185620E4001A395D"
               BuildableName = "TemplateProjectTests.xctest"
               BlueprintName = "TemplateProjectTests"
               ReferencedContainer = "container:TemplateProject.xcodeproj">
            </BuildableReference>
         </TestableReference>
      </Testables>
      <MacroExpansion>
         <BuildableReference
            BuildableIdentifier = "primary"
            BlueprintIdentifier = "0E5FC0FB185620E4001A395D"
            BuildableName = "TemplateProject.app"
            BlueprintName = "TemplateProject"
            ReferencedContainer = "container:TemplateProject.xcodeproj">
         </BuildableReference>
      </MacroExpansion>
   </TestAction>
   <LaunchAction
      selectedDebuggerIdentifier = "Xcode.DebuggerFoundation.Debugger.LLDB"
      selectedLauncherIdentifier = "Xcode.DebuggerFoundation.Launcher.LLDB"
      launchStyle = "0"
      useCustomWorkingDirectory = "NO"
      buildConfiguration = "Snapshot"
      ignoresPersistentStateOnLaunch = "NO"
      debugDocumentVersioning = "YES"
      allowLocationSimulation = "YES">
      <BuildableProductRunnable>
         <BuildableReference
            BuildableIdentifier = "primary"
            BlueprintIdentifier = "0E5FC0FB185620E4001A395D"
            BuildableName = "TemplateProject.app"
            BlueprintName = "TemplateProject"
            ReferencedContainer = "container:TemplateProject.xcodeproj">
         </BuildableReference>
      </BuildableProductRunnable>
      <AdditionalOptions>
      </AdditionalOptions>
   </LaunchAction>
   <ProfileAction
      shouldUseLaunchSchemeArgsEnv = "YES"
      savedToolIdentifier = ""
      useCustomWorkingDirectory = "NO"
      buildConfiguration = "Snapshot"
      debugDocumentVersioning = "YES">
      <BuildableProductRunnable>
         <BuildableReference
            BuildableIdentifier = "primary"
            BlueprintIdentifier = "0E5FC0FB185620E4001A395D"
            BuildableName = "TemplateProject.app"
            BlueprintName = "TemplateProject"
            ReferencedContainer = "container:TemplateProject.xcodeproj">
         </BuildableReference>
      </BuildableProductRunnable>
   </ProfileAction>
   <AnalyzeAction
      buildConfiguration = "Snapshot">
   </AnalyzeAction>
   <ArchiveAction
      buildConfiguration = "Snapshot"
      revealArchiveInOrganizer = "YES">
      <PostActions>
         <ExecutionAction
            ActionType = "Xcode.IDEStandardExecutionActionsCore.ExecutionActionType.ShellScriptAction">
            <ActionContent
               title = "Run Script"
               scriptText = "cd /Users/Shared/scripts/&#10;./post_action_hockey.sh -t 74bb47d2142c4ffa95b0fd159659909b -i &lt;HOCKEY_TOKEN_ID&gt;&#10;./post_action_git.sh -r &lt;REPO_NAME&gt;">
               <EnvironmentBuildable>
                  <BuildableReference
                     BuildableIdentifier = "primary"
                     BlueprintIdentifier = "0E5FC0FB185620E4001A395D"
                     BuildableName = "TemplateProject.app"
                     BlueprintName = "TemplateProject"
                     ReferencedContainer = "container:TemplateProject.xcodeproj">
                  </BuildableReference>
               </EnvironmentBuildable>
            </ActionContent>
         </ExecutionAction>
      </PostActions>
   </ArchiveAction>
</Scheme>
