// !$*UTF8*$!
{
	archiveVersion = 1;
	classes = {
	};
	objectVersion = 46;
	objects = {

/* Begin PBXBuildFile section */
		0E317ADC185639B300F01EC6 /* Settings.bundle in Resources */ = {isa = PBXBuildFile; fileRef = 0E317ADB185639B300F01EC6 /* Settings.bundle */; };
		0E5FC100185620E4001A395D /* Foundation.framework in Frameworks */ = {isa = PBXBuildFile; fileRef = 0E5FC0FF185620E4001A395D /* Foundation.framework */; };
		0E5FC102185620E4001A395D /* CoreGraphics.framework in Frameworks */ = {isa = PBXBuildFile; fileRef = 0E5FC101185620E4001A395D /* CoreGraphics.framework */; };
		0E5FC104185620E4001A395D /* UIKit.framework in Frameworks */ = {isa = PBXBuildFile; fileRef = 0E5FC103185620E4001A395D /* UIKit.framework */; };
		0E5FC10A185620E4001A395D /* InfoPlist.strings in Resources */ = {isa = PBXBuildFile; fileRef = 0E5FC108185620E4001A395D /* InfoPlist.strings */; };
		0E5FC10C185620E4001A395D /* main.m in Sources */ = {isa = PBXBuildFile; fileRef = 0E5FC10B185620E4001A395D /* main.m */; };
		0E5FC110185620E4001A395D /* AppDelegate.m in Sources */ = {isa = PBXBuildFile; fileRef = 0E5FC10F185620E4001A395D /* AppDelegate.m */; };
		0E5FC112185620E4001A395D /* Images.xcassets in Resources */ = {isa = PBXBuildFile; fileRef = 0E5FC111185620E4001A395D /* Images.xcassets */; };
		0E5FC119185620E4001A395D /* XCTest.framework in Frameworks */ = {isa = PBXBuildFile; fileRef = 0E5FC118185620E4001A395D /* XCTest.framework */; };
		0E5FC11A185620E4001A395D /* Foundation.framework in Frameworks */ = {isa = PBXBuildFile; fileRef = 0E5FC0FF185620E4001A395D /* Foundation.framework */; };
		0E5FC11B185620E4001A395D /* UIKit.framework in Frameworks */ = {isa = PBXBuildFile; fileRef = 0E5FC103185620E4001A395D /* UIKit.framework */; };
		0E5FC123185620E4001A395D /* InfoPlist.strings in Resources */ = {isa = PBXBuildFile; fileRef = 0E5FC121185620E4001A395D /* InfoPlist.strings */; };
		0E5FC125185620E4001A395D /* templateProjectTests.m in Sources */ = {isa = PBXBuildFile; fileRef = 0E5FC124185620E4001A395D /* templateProjectTests.m */; };
		0FAB263EB91B49EA9BE81A8C /* libPods.a in Frameworks */ = {isa = PBXBuildFile; fileRef = C359EBBC21F74A2498DF1863 /* libPods.a */; };
/* End PBXBuildFile section */

/* Begin PBXContainerItemProxy section */
		0E5FC11C185620E4001A395D /* PBXContainerItemProxy */ = {
			isa = PBXContainerItemProxy;
			containerPortal = 0E5FC0F4185620E4001A395D /* Project object */;
			proxyType = 1;
			remoteGlobalIDString = 0E5FC0FB185620E4001A395D;
			remoteInfo = templateProject;
		};
/* End PBXContainerItemProxy section */

/* Begin PBXFileReference section */
		0E317ADB185639B300F01EC6 /* Settings.bundle */ = {isa = PBXFileReference; lastKnownFileType = "wrapper.plug-in"; path = Settings.bundle; sourceTree = "<group>"; };
		0E5FC0FC185620E4001A395D /* TemplateProject.app */ = {isa = PBXFileReference; explicitFileType = wrapper.application; includeInIndex = 0; path = TemplateProject.app; sourceTree = BUILT_PRODUCTS_DIR; };
		0E5FC0FF185620E4001A395D /* Foundation.framework */ = {isa = PBXFileReference; lastKnownFileType = wrapper.framework; name = Foundation.framework; path = System/Library/Frameworks/Foundation.framework; sourceTree = SDKROOT; };
		0E5FC101185620E4001A395D /* CoreGraphics.framework */ = {isa = PBXFileReference; lastKnownFileType = wrapper.framework; name = CoreGraphics.framework; path = System/Library/Frameworks/CoreGraphics.framework; sourceTree = SDKROOT; };
		0E5FC103185620E4001A395D /* UIKit.framework */ = {isa = PBXFileReference; lastKnownFileType = wrapper.framework; name = UIKit.framework; path = System/Library/Frameworks/UIKit.framework; sourceTree = SDKROOT; };
		0E5FC107185620E4001A395D /* TemplateProject-Info.plist */ = {isa = PBXFileReference; lastKnownFileType = text.plist.xml; path = "TemplateProject-Info.plist"; sourceTree = "<group>"; };
		0E5FC109185620E4001A395D /* en */ = {isa = PBXFileReference; lastKnownFileType = text.plist.strings; name = en; path = en.lproj/InfoPlist.strings; sourceTree = "<group>"; };
		0E5FC10B185620E4001A395D /* main.m */ = {isa = PBXFileReference; lastKnownFileType = sourcecode.c.objc; path = main.m; sourceTree = "<group>"; };
		0E5FC10D185620E4001A395D /* TemplateProject-Prefix.pch */ = {isa = PBXFileReference; lastKnownFileType = sourcecode.c.h; path = "TemplateProject-Prefix.pch"; sourceTree = "<group>"; };
		0E5FC10E185620E4001A395D /* AppDelegate.h */ = {isa = PBXFileReference; lastKnownFileType = sourcecode.c.h; path = AppDelegate.h; sourceTree = "<group>"; };
		0E5FC10F185620E4001A395D /* AppDelegate.m */ = {isa = PBXFileReference; lastKnownFileType = sourcecode.c.objc; path = AppDelegate.m; sourceTree = "<group>"; };
		0E5FC111185620E4001A395D /* Images.xcassets */ = {isa = PBXFileReference; lastKnownFileType = folder.assetcatalog; path = Images.xcassets; sourceTree = "<group>"; };
		0E5FC117185620E4001A395D /* TemplateProjectTests.xctest */ = {isa = PBXFileReference; explicitFileType = wrapper.cfbundle; includeInIndex = 0; path = TemplateProjectTests.xctest; sourceTree = BUILT_PRODUCTS_DIR; };
		0E5FC118185620E4001A395D /* XCTest.framework */ = {isa = PBXFileReference; lastKnownFileType = wrapper.framework; name = XCTest.framework; path = Library/Frameworks/XCTest.framework; sourceTree = DEVELOPER_DIR; };
		0E5FC120185620E4001A395D /* TemplateProjectTests-Info.plist */ = {isa = PBXFileReference; lastKnownFileType = text.plist.xml; path = "TemplateProjectTests-Info.plist"; sourceTree = "<group>"; };
		0E5FC122185620E4001A395D /* en */ = {isa = PBXFileReference; lastKnownFileType = text.plist.strings; name = en; path = en.lproj/InfoPlist.strings; sourceTree = "<group>"; };
		0E5FC124185620E4001A395D /* templateProjectTests.m */ = {isa = PBXFileReference; lastKnownFileType = sourcecode.c.objc; path = templateProjectTests.m; sourceTree = "<group>"; };
		0EA6734918565380001376E5 /* Constants.h */ = {isa = PBXFileReference; lastKnownFileType = sourcecode.c.h; path = Constants.h; sourceTree = "<group>"; };
		5E3A72AAC22F43E6B05A40F6 /* Pods.xcconfig */ = {isa = PBXFileReference; includeInIndex = 1; lastKnownFileType = text.xcconfig; name = Pods.xcconfig; path = Pods/Pods.xcconfig; sourceTree = "<group>"; };
		C359EBBC21F74A2498DF1863 /* libPods.a */ = {isa = PBXFileReference; explicitFileType = archive.ar; includeInIndex = 0; path = libPods.a; sourceTree = BUILT_PRODUCTS_DIR; };
/* End PBXFileReference section */

/* Begin PBXFrameworksBuildPhase section */
		0E5FC0F9185620E4001A395D /* Frameworks */ = {
			isa = PBXFrameworksBuildPhase;
			buildActionMask = 2147483647;
			files = (
				0E5FC102185620E4001A395D /* CoreGraphics.framework in Frameworks */,
				0E5FC104185620E4001A395D /* UIKit.framework in Frameworks */,
				0E5FC100185620E4001A395D /* Foundation.framework in Frameworks */,
				0FAB263EB91B49EA9BE81A8C /* libPods.a in Frameworks */,
			);
			runOnlyForDeploymentPostprocessing = 0;
		};
		0E5FC114185620E4001A395D /* Frameworks */ = {
			isa = PBXFrameworksBuildPhase;
			buildActionMask = 2147483647;
			files = (
				0E5FC119185620E4001A395D /* XCTest.framework in Frameworks */,
				0E5FC11B185620E4001A395D /* UIKit.framework in Frameworks */,
				0E5FC11A185620E4001A395D /* Foundation.framework in Frameworks */,
			);
			runOnlyForDeploymentPostprocessing = 0;
		};
/* End PBXFrameworksBuildPhase section */

/* Begin PBXGroup section */
		0E5FC0F3185620E4001A395D = {
			isa = PBXGroup;
			children = (
				0E5FC105185620E4001A395D /* Code */,
				0E5FC11E185620E4001A395D /* Test */,
				0E5FC0FE185620E4001A395D /* Frameworks */,
				0E5FC0FD185620E4001A395D /* Products */,
				5E3A72AAC22F43E6B05A40F6 /* Pods.xcconfig */,
			);
			sourceTree = "<group>";
		};
		0E5FC0FD185620E4001A395D /* Products */ = {
			isa = PBXGroup;
			children = (
				0E5FC0FC185620E4001A395D /* TemplateProject.app */,
				0E5FC117185620E4001A395D /* TemplateProjectTests.xctest */,
			);
			name = Products;
			sourceTree = "<group>";
		};
		0E5FC0FE185620E4001A395D /* Frameworks */ = {
			isa = PBXGroup;
			children = (
				0E5FC0FF185620E4001A395D /* Foundation.framework */,
				0E5FC101185620E4001A395D /* CoreGraphics.framework */,
				0E5FC103185620E4001A395D /* UIKit.framework */,
				0E5FC118185620E4001A395D /* XCTest.framework */,
				C359EBBC21F74A2498DF1863 /* libPods.a */,
			);
			name = Frameworks;
			sourceTree = "<group>";
		};
		0E5FC105185620E4001A395D /* Code */ = {
			isa = PBXGroup;
			children = (
				0EA6734918565380001376E5 /* Constants.h */,
				0EA67348185652FE001376E5 /* Resources */,
				0EA67347185652F7001376E5 /* Helpers */,
				0EA67346185652ED001376E5 /* Controllers */,
				0EA67345185652E6001376E5 /* Views */,
				0EA67344185652DD001376E5 /* Models */,
				0E5FC10E185620E4001A395D /* AppDelegate.h */,
				0E5FC10F185620E4001A395D /* AppDelegate.m */,
			);
			path = Code;
			sourceTree = "<group>";
		};
		0E5FC106185620E4001A395D /* Supporting Files */ = {
			isa = PBXGroup;
			children = (
				0E317ADB185639B300F01EC6 /* Settings.bundle */,
				0E5FC107185620E4001A395D /* TemplateProject-Info.plist */,
				0E5FC108185620E4001A395D /* InfoPlist.strings */,
				0E5FC10B185620E4001A395D /* main.m */,
				0E5FC10D185620E4001A395D /* TemplateProject-Prefix.pch */,
			);
			name = "Supporting Files";
			sourceTree = "<group>";
		};
		0E5FC11E185620E4001A395D /* Test */ = {
			isa = PBXGroup;
			children = (
				0E5FC124185620E4001A395D /* templateProjectTests.m */,
				0E5FC11F185620E4001A395D /* Supporting Files */,
			);
			path = Test;
			sourceTree = "<group>";
		};
		0E5FC11F185620E4001A395D /* Supporting Files */ = {
			isa = PBXGroup;
			children = (
				0E5FC120185620E4001A395D /* TemplateProjectTests-Info.plist */,
				0E5FC121185620E4001A395D /* InfoPlist.strings */,
			);
			name = "Supporting Files";
			sourceTree = "<group>";
		};
		0EA67344185652DD001376E5 /* Models */ = {
			isa = PBXGroup;
			children = (
			);
			path = Models;
			sourceTree = "<group>";
		};
		0EA67345185652E6001376E5 /* Views */ = {
			isa = PBXGroup;
			children = (
			);
			path = Views;
			sourceTree = "<group>";
		};
		0EA67346185652ED001376E5 /* Controllers */ = {
			isa = PBXGroup;
			children = (
			);
			path = Controllers;
			sourceTree = "<group>";
		};
		0EA67347185652F7001376E5 /* Helpers */ = {
			isa = PBXGroup;
			children = (
			);
			path = Helpers;
			sourceTree = "<group>";
		};
		0EA67348185652FE001376E5 /* Resources */ = {
			isa = PBXGroup;
			children = (
				0E5FC106185620E4001A395D /* Supporting Files */,
				0EA6734C185653CD001376E5 /* Localizables */,
				0EA6734B185653C3001376E5 /* Nibs */,
				0EA6734A185653BA001376E5 /* Fonts */,
				0E5FC111185620E4001A395D /* Images.xcassets */,
			);
			path = Resources;
			sourceTree = "<group>";
		};
		0EA6734A185653BA001376E5 /* Fonts */ = {
			isa = PBXGroup;
			children = (
			);
			name = Fonts;
			sourceTree = "<group>";
		};
		0EA6734B185653C3001376E5 /* Nibs */ = {
			isa = PBXGroup;
			children = (
			);
			name = Nibs;
			sourceTree = "<group>";
		};
		0EA6734C185653CD001376E5 /* Localizables */ = {
			isa = PBXGroup;
			children = (
			);
			name = Localizables;
			sourceTree = "<group>";
		};
/* End PBXGroup section */

/* Begin PBXNativeTarget section */
		0E5FC0FB185620E4001A395D /* TemplateProject */ = {
			isa = PBXNativeTarget;
			buildConfigurationList = 0E5FC128185620E4001A395D /* Build configuration list for PBXNativeTarget "TemplateProject" */;
			buildPhases = (
				68B226AA2C874FA0A9996354 /* Check Pods Manifest.lock */,
				0E5FC0F8185620E4001A395D /* Sources */,
				0E5FC0F9185620E4001A395D /* Frameworks */,
				0E5FC0FA185620E4001A395D /* Resources */,
				0E317AD8185638EB00F01EC6 /* ShellScript */,
				A25013B9718849948043F507 /* Copy Pods Resources */,
			);
			buildRules = (
			);
			dependencies = (
			);
			name = TemplateProject;
			productName = templateProject;
			productReference = 0E5FC0FC185620E4001A395D /* TemplateProject.app */;
			productType = "com.apple.product-type.application";
		};
		0E5FC116185620E4001A395D /* TemplateProjectTests */ = {
			isa = PBXNativeTarget;
			buildConfigurationList = 0E5FC12B185620E4001A395D /* Build configuration list for PBXNativeTarget "TemplateProjectTests" */;
			buildPhases = (
				0E5FC113185620E4001A395D /* Sources */,
				0E5FC114185620E4001A395D /* Frameworks */,
				0E5FC115185620E4001A395D /* Resources */,
			);
			buildRules = (
			);
			dependencies = (
				0E5FC11D185620E4001A395D /* PBXTargetDependency */,
			);
			name = TemplateProjectTests;
			productName = templateProjectTests;
			productReference = 0E5FC117185620E4001A395D /* TemplateProjectTests.xctest */;
			productType = "com.apple.product-type.bundle.unit-test";
		};
/* End PBXNativeTarget section */

/* Begin PBXProject section */
		0E5FC0F4185620E4001A395D /* Project object */ = {
			isa = PBXProject;
			attributes = {
				LastUpgradeCheck = 0500;
				ORGANIZATIONNAME = Fueled;
				TargetAttributes = {
					0E5FC116185620E4001A395D = {
						TestTargetID = 0E5FC0FB185620E4001A395D;
					};
				};
			};
			buildConfigurationList = 0E5FC0F7185620E4001A395D /* Build configuration list for PBXProject "TemplateProject" */;
			compatibilityVersion = "Xcode 3.2";
			developmentRegion = English;
			hasScannedForEncodings = 0;
			knownRegions = (
				en,
			);
			mainGroup = 0E5FC0F3185620E4001A395D;
			productRefGroup = 0E5FC0FD185620E4001A395D /* Products */;
			projectDirPath = "";
			projectRoot = "";
			targets = (
				0E5FC0FB185620E4001A395D /* TemplateProject */,
				0E5FC116185620E4001A395D /* TemplateProjectTests */,
			);
		};
/* End PBXProject section */

/* Begin PBXResourcesBuildPhase section */
		0E5FC0FA185620E4001A395D /* Resources */ = {
			isa = PBXResourcesBuildPhase;
			buildActionMask = 2147483647;
			files = (
				0E5FC10A185620E4001A395D /* InfoPlist.strings in Resources */,
				0E317ADC185639B300F01EC6 /* Settings.bundle in Resources */,
				0E5FC112185620E4001A395D /* Images.xcassets in Resources */,
			);
			runOnlyForDeploymentPostprocessing = 0;
		};
		0E5FC115185620E4001A395D /* Resources */ = {
			isa = PBXResourcesBuildPhase;
			buildActionMask = 2147483647;
			files = (
				0E5FC123185620E4001A395D /* InfoPlist.strings in Resources */,
			);
			runOnlyForDeploymentPostprocessing = 0;
		};
/* End PBXResourcesBuildPhase section */

/* Begin PBXShellScriptBuildPhase section */
		0E317AD8185638EB00F01EC6 /* ShellScript */ = {
			isa = PBXShellScriptBuildPhase;
			buildActionMask = 2147483647;
			files = (
			);
			inputPaths = (
			);
			outputPaths = (
			);
			runOnlyForDeploymentPostprocessing = 0;
			shellPath = /bin/sh;
			shellScript = "cd $PROJECT_DIR\ncd \"$BUILT_PRODUCTS_DIR/$PRODUCT_NAME.app\"\nRELEASE_VERSION=$(/usr/libexec/PlistBuddy -c \"Print CFBundleShortVersionString\" Info.plist)\nBUILD_VERSION=$(/usr/libexec/PlistBuddy -c \"Print CFBundleVersion\" Info.plist)\nTZ='America/New_York'\nexport TZ\nBUILD_DATE=$(date +\"%a %l:%M %b %d, %Y\")\n/usr/libexec/PlistBuddy -c \"Set :PreferenceSpecifiers:1:DefaultValue $RELEASE_VERSION\" Settings.bundle/Root.plist\n/usr/libexec/PlistBuddy -c \"Set :PreferenceSpecifiers:2:DefaultValue $BUILD_VERSION\" Settings.bundle/Root.plist\n/usr/libexec/PlistBuddy -c \"Set :PreferenceSpecifiers:3:DefaultValue $BUILD_DATE\" Settings.bundle/Root.plist";
		};
		68B226AA2C874FA0A9996354 /* Check Pods Manifest.lock */ = {
			isa = PBXShellScriptBuildPhase;
			buildActionMask = 2147483647;
			files = (
			);
			inputPaths = (
			);
			name = "Check Pods Manifest.lock";
			outputPaths = (
			);
			runOnlyForDeploymentPostprocessing = 0;
			shellPath = /bin/sh;
			shellScript = "diff \"${PODS_ROOT}/../Podfile.lock\" \"${PODS_ROOT}/Manifest.lock\" > /dev/null\nif [[ $? != 0 ]] ; then\n    cat << EOM\nerror: The sandbox is not in sync with the Podfile.lock. Run 'pod install' or update your CocoaPods installation.\nEOM\n    exit 1\nfi\n";
			showEnvVarsInLog = 0;
		};
		A25013B9718849948043F507 /* Copy Pods Resources */ = {
			isa = PBXShellScriptBuildPhase;
			buildActionMask = 2147483647;
			files = (
			);
			inputPaths = (
			);
			name = "Copy Pods Resources";
			outputPaths = (
			);
			runOnlyForDeploymentPostprocessing = 0;
			shellPath = /bin/sh;
			shellScript = "\"${SRCROOT}/Pods/Pods-resources.sh\"\n";
			showEnvVarsInLog = 0;
		};
/* End PBXShellScriptBuildPhase section */

/* Begin PBXSourcesBuildPhase section */
		0E5FC0F8185620E4001A395D /* Sources */ = {
			isa = PBXSourcesBuildPhase;
			buildActionMask = 2147483647;
			files = (
				0E5FC110185620E4001A395D /* AppDelegate.m in Sources */,
				0E5FC10C185620E4001A395D /* main.m in Sources */,
			);
			runOnlyForDeploymentPostprocessing = 0;
		};
		0E5FC113185620E4001A395D /* Sources */ = {
			isa = PBXSourcesBuildPhase;
			buildActionMask = 2147483647;
			files = (
				0E5FC125185620E4001A395D /* templateProjectTests.m in Sources */,
			);
			runOnlyForDeploymentPostprocessing = 0;
		};
/* End PBXSourcesBuildPhase section */

/* Begin PBXTargetDependency section */
		0E5FC11D185620E4001A395D /* PBXTargetDependency */ = {
			isa = PBXTargetDependency;
			target = 0E5FC0FB185620E4001A395D /* TemplateProject */;
			targetProxy = 0E5FC11C185620E4001A395D /* PBXContainerItemProxy */;
		};
/* End PBXTargetDependency section */

/* Begin PBXVariantGroup section */
		0E5FC108185620E4001A395D /* InfoPlist.strings */ = {
			isa = PBXVariantGroup;
			children = (
				0E5FC109185620E4001A395D /* en */,
			);
			name = InfoPlist.strings;
			sourceTree = "<group>";
		};
		0E5FC121185620E4001A395D /* InfoPlist.strings */ = {
			isa = PBXVariantGroup;
			children = (
				0E5FC122185620E4001A395D /* en */,
			);
			name = InfoPlist.strings;
			sourceTree = "<group>";
		};
/* End PBXVariantGroup section */

/* Begin XCBuildConfiguration section */
		0E5FC126185620E4001A395D /* Debug */ = {
			isa = XCBuildConfiguration;
			buildSettings = {
				ALWAYS_SEARCH_USER_PATHS = NO;
				ARCHS = "$(ARCHS_STANDARD_INCLUDING_64_BIT)";
				CLANG_CXX_LANGUAGE_STANDARD = "gnu++0x";
				CLANG_CXX_LIBRARY = "libc++";
				CLANG_ENABLE_MODULES = YES;
				CLANG_ENABLE_OBJC_ARC = YES;
				CLANG_WARN_BOOL_CONVERSION = YES;
				CLANG_WARN_CONSTANT_CONVERSION = YES;
				CLANG_WARN_DIRECT_OBJC_ISA_USAGE = YES_ERROR;
				CLANG_WARN_EMPTY_BODY = YES;
				CLANG_WARN_ENUM_CONVERSION = YES;
				CLANG_WARN_INT_CONVERSION = YES;
				CLANG_WARN_OBJC_ROOT_CLASS = YES_ERROR;
				CLANG_WARN__DUPLICATE_METHOD_MATCH = YES;
				"CODE_SIGN_IDENTITY[sdk=iphoneos*]" = "iPhone Developer";
				COPY_PHASE_STRIP = NO;
				GCC_C_LANGUAGE_STANDARD = gnu99;
				GCC_DYNAMIC_NO_PIC = NO;
				GCC_OPTIMIZATION_LEVEL = 0;
				GCC_PREPROCESSOR_DEFINITIONS = (
					"DEBUG=1",
					"$(inherited)",
				);
				GCC_SYMBOLS_PRIVATE_EXTERN = NO;
				GCC_WARN_64_TO_32_BIT_CONVERSION = YES;
				GCC_WARN_ABOUT_RETURN_TYPE = YES_ERROR;
				GCC_WARN_UNDECLARED_SELECTOR = YES;
				GCC_WARN_UNINITIALIZED_AUTOS = YES;
				GCC_WARN_UNUSED_FUNCTION = YES;
				GCC_WARN_UNUSED_VARIABLE = YES;
				IPHONEOS_DEPLOYMENT_TARGET = 7.0;
				ONLY_ACTIVE_ARCH = YES;
				SDKROOT = iphoneos;
			};
			name = Debug;
		};
		0E5FC127185620E4001A395D /* Release */ = {
			isa = XCBuildConfiguration;
			buildSettings = {
				ALWAYS_SEARCH_USER_PATHS = NO;
				ARCHS = "$(ARCHS_STANDARD_INCLUDING_64_BIT)";
				CLANG_CXX_LANGUAGE_STANDARD = "gnu++0x";
				CLANG_CXX_LIBRARY = "libc++";
				CLANG_ENABLE_MODULES = YES;
				CLANG_ENABLE_OBJC_ARC = YES;
				CLANG_WARN_BOOL_CONVERSION = YES;
				CLANG_WARN_CONSTANT_CONVERSION = YES;
				CLANG_WARN_DIRECT_OBJC_ISA_USAGE = YES_ERROR;
				CLANG_WARN_EMPTY_BODY = YES;
				CLANG_WARN_ENUM_CONVERSION = YES;
				CLANG_WARN_INT_CONVERSION = YES;
				CLANG_WARN_OBJC_ROOT_CLASS = YES_ERROR;
				CLANG_WARN__DUPLICATE_METHOD_MATCH = YES;
				"CODE_SIGN_IDENTITY[sdk=iphoneos*]" = "iPhone Developer";
				COPY_PHASE_STRIP = YES;
				ENABLE_NS_ASSERTIONS = NO;
				GCC_C_LANGUAGE_STANDARD = gnu99;
				GCC_WARN_64_TO_32_BIT_CONVERSION = YES;
				GCC_WARN_ABOUT_RETURN_TYPE = YES_ERROR;
				GCC_WARN_UNDECLARED_SELECTOR = YES;
				GCC_WARN_UNINITIALIZED_AUTOS = YES;
				GCC_WARN_UNUSED_FUNCTION = YES;
				GCC_WARN_UNUSED_VARIABLE = YES;
				IPHONEOS_DEPLOYMENT_TARGET = 7.0;
				SDKROOT = iphoneos;
				VALIDATE_PRODUCT = YES;
			};
			name = Release;
		};
		0E5FC129185620E4001A395D /* Debug */ = {
			isa = XCBuildConfiguration;
			baseConfigurationReference = 5E3A72AAC22F43E6B05A40F6 /* Pods.xcconfig */;
			buildSettings = {
				ASSETCATALOG_COMPILER_APPICON_NAME = AppIcon;
				ASSETCATALOG_COMPILER_LAUNCHIMAGE_NAME = LaunchImage;
				GCC_PRECOMPILE_PREFIX_HEADER = YES;
				GCC_PREFIX_HEADER = "Code/Resources/TemplateProject-Prefix.pch";
				INFOPLIST_FILE = "Code/Resources/TemplateProject-Info.plist";
				PRODUCT_NAME = TemplateProject;
				WRAPPER_EXTENSION = app;
			};
			name = Debug;
		};
		0E5FC12A185620E4001A395D /* Release */ = {
			isa = XCBuildConfiguration;
			baseConfigurationReference = 5E3A72AAC22F43E6B05A40F6 /* Pods.xcconfig */;
			buildSettings = {
				ASSETCATALOG_COMPILER_APPICON_NAME = AppIcon;
				ASSETCATALOG_COMPILER_LAUNCHIMAGE_NAME = LaunchImage;
				GCC_PRECOMPILE_PREFIX_HEADER = YES;
				GCC_PREFIX_HEADER = "Code/Resources/TemplateProject-Prefix.pch";
				INFOPLIST_FILE = "Code/Resources/TemplateProject-Info.plist";
				PRODUCT_NAME = TemplateProject;
				WRAPPER_EXTENSION = app;
			};
			name = Release;
		};
		0E5FC12C185620E4001A395D /* Debug */ = {
			isa = XCBuildConfiguration;
			buildSettings = {
				ARCHS = "$(ARCHS_STANDARD_INCLUDING_64_BIT)";
				BUNDLE_LOADER = "$(BUILT_PRODUCTS_DIR)/templateProject.app/templateProject";
				FRAMEWORK_SEARCH_PATHS = (
					"$(SDKROOT)/Developer/Library/Frameworks",
					"$(inherited)",
					"$(DEVELOPER_FRAMEWORKS_DIR)",
				);
				GCC_PRECOMPILE_PREFIX_HEADER = YES;
				GCC_PREFIX_HEADER = "templateProject/templateProject-Prefix.pch";
				GCC_PREPROCESSOR_DEFINITIONS = (
					"DEBUG=1",
					"$(inherited)",
				);
				INFOPLIST_FILE = "templateProjectTests/TemplateProjectTests-Info.plist";
				PRODUCT_NAME = TemplateProjectTests;
				TEST_HOST = "$(BUNDLE_LOADER)";
				WRAPPER_EXTENSION = xctest;
			};
			name = Debug;
		};
		0E5FC12D185620E4001A395D /* Release */ = {
			isa = XCBuildConfiguration;
			buildSettings = {
				ARCHS = "$(ARCHS_STANDARD_INCLUDING_64_BIT)";
				BUNDLE_LOADER = "$(BUILT_PRODUCTS_DIR)/templateProject.app/templateProject";
				FRAMEWORK_SEARCH_PATHS = (
					"$(SDKROOT)/Developer/Library/Frameworks",
					"$(inherited)",
					"$(DEVELOPER_FRAMEWORKS_DIR)",
				);
				GCC_PRECOMPILE_PREFIX_HEADER = YES;
				GCC_PREFIX_HEADER = "templateProject/templateProject-Prefix.pch";
				INFOPLIST_FILE = "templateProjectTests/TemplateProjectTests-Info.plist";
				PRODUCT_NAME = TemplateProjectTests;
				TEST_HOST = "$(BUNDLE_LOADER)";
				WRAPPER_EXTENSION = xctest;
			};
			name = Release;
		};
		0E5FC12E185620F4001A395D /* Snapshot */ = {
			isa = XCBuildConfiguration;
			buildSettings = {
				ALWAYS_SEARCH_USER_PATHS = NO;
				ARCHS = "$(ARCHS_STANDARD_INCLUDING_64_BIT)";
				CLANG_CXX_LANGUAGE_STANDARD = "gnu++0x";
				CLANG_CXX_LIBRARY = "libc++";
				CLANG_ENABLE_MODULES = YES;
				CLANG_ENABLE_OBJC_ARC = YES;
				CLANG_WARN_BOOL_CONVERSION = YES;
				CLANG_WARN_CONSTANT_CONVERSION = YES;
				CLANG_WARN_DIRECT_OBJC_ISA_USAGE = YES_ERROR;
				CLANG_WARN_EMPTY_BODY = YES;
				CLANG_WARN_ENUM_CONVERSION = YES;
				CLANG_WARN_INT_CONVERSION = YES;
				CLANG_WARN_OBJC_ROOT_CLASS = YES_ERROR;
				CLANG_WARN__DUPLICATE_METHOD_MATCH = YES;
				"CODE_SIGN_IDENTITY[sdk=iphoneos*]" = "iPhone Developer";
				COPY_PHASE_STRIP = YES;
				ENABLE_NS_ASSERTIONS = NO;
				GCC_C_LANGUAGE_STANDARD = gnu99;
				GCC_WARN_64_TO_32_BIT_CONVERSION = YES;
				GCC_WARN_ABOUT_RETURN_TYPE = YES_ERROR;
				GCC_WARN_UNDECLARED_SELECTOR = YES;
				GCC_WARN_UNINITIALIZED_AUTOS = YES;
				GCC_WARN_UNUSED_FUNCTION = YES;
				GCC_WARN_UNUSED_VARIABLE = YES;
				IPHONEOS_DEPLOYMENT_TARGET = 7.0;
				SDKROOT = iphoneos;
				VALIDATE_PRODUCT = YES;
			};
			name = Snapshot;
		};
		0E5FC12F185620F4001A395D /* Snapshot */ = {
			isa = XCBuildConfiguration;
			baseConfigurationReference = 5E3A72AAC22F43E6B05A40F6 /* Pods.xcconfig */;
			buildSettings = {
				ASSETCATALOG_COMPILER_APPICON_NAME = AppIcon;
				ASSETCATALOG_COMPILER_LAUNCHIMAGE_NAME = LaunchImage;
				GCC_PRECOMPILE_PREFIX_HEADER = YES;
				GCC_PREFIX_HEADER = "Code/Resources/TemplateProject-Prefix.pch";
				INFOPLIST_FILE = "Code/Resources/TemplateProject-Info.plist";
				PRODUCT_NAME = TemplateProject;
				WRAPPER_EXTENSION = app;
			};
			name = Snapshot;
		};
		0E5FC130185620F4001A395D /* Snapshot */ = {
			isa = XCBuildConfiguration;
			buildSettings = {
				ARCHS = "$(ARCHS_STANDARD_INCLUDING_64_BIT)";
				BUNDLE_LOADER = "$(BUILT_PRODUCTS_DIR)/templateProject.app/templateProject";
				FRAMEWORK_SEARCH_PATHS = (
					"$(SDKROOT)/Developer/Library/Frameworks",
					"$(inherited)",
					"$(DEVELOPER_FRAMEWORKS_DIR)",
				);
				GCC_PRECOMPILE_PREFIX_HEADER = YES;
				GCC_PREFIX_HEADER = "templateProject/templateProject-Prefix.pch";
				INFOPLIST_FILE = "templateProjectTests/TemplateProjectTests-Info.plist";
				PRODUCT_NAME = TemplateProjectTests;
				TEST_HOST = "$(BUNDLE_LOADER)";
				WRAPPER_EXTENSION = xctest;
			};
			name = Snapshot;
		};
		0E5FC131185620FC001A395D /* Staging */ = {
			isa = XCBuildConfiguration;
			buildSettings = {
				ALWAYS_SEARCH_USER_PATHS = NO;
				ARCHS = "$(ARCHS_STANDARD_INCLUDING_64_BIT)";
				CLANG_CXX_LANGUAGE_STANDARD = "gnu++0x";
				CLANG_CXX_LIBRARY = "libc++";
				CLANG_ENABLE_MODULES = YES;
				CLANG_ENABLE_OBJC_ARC = YES;
				CLANG_WARN_BOOL_CONVERSION = YES;
				CLANG_WARN_CONSTANT_CONVERSION = YES;
				CLANG_WARN_DIRECT_OBJC_ISA_USAGE = YES_ERROR;
				CLANG_WARN_EMPTY_BODY = YES;
				CLANG_WARN_ENUM_CONVERSION = YES;
				CLANG_WARN_INT_CONVERSION = YES;
				CLANG_WARN_OBJC_ROOT_CLASS = YES_ERROR;
				CLANG_WARN__DUPLICATE_METHOD_MATCH = YES;
				"CODE_SIGN_IDENTITY[sdk=iphoneos*]" = "iPhone Developer";
				COPY_PHASE_STRIP = YES;
				ENABLE_NS_ASSERTIONS = NO;
				GCC_C_LANGUAGE_STANDARD = gnu99;
				GCC_WARN_64_TO_32_BIT_CONVERSION = YES;
				GCC_WARN_ABOUT_RETURN_TYPE = YES_ERROR;
				GCC_WARN_UNDECLARED_SELECTOR = YES;
				GCC_WARN_UNINITIALIZED_AUTOS = YES;
				GCC_WARN_UNUSED_FUNCTION = YES;
				GCC_WARN_UNUSED_VARIABLE = YES;
				IPHONEOS_DEPLOYMENT_TARGET = 7.0;
				SDKROOT = iphoneos;
				VALIDATE_PRODUCT = YES;
			};
			name = Staging;
		};
		0E5FC132185620FC001A395D /* Staging */ = {
			isa = XCBuildConfiguration;
			baseConfigurationReference = 5E3A72AAC22F43E6B05A40F6 /* Pods.xcconfig */;
			buildSettings = {
				ASSETCATALOG_COMPILER_APPICON_NAME = AppIcon;
				ASSETCATALOG_COMPILER_LAUNCHIMAGE_NAME = LaunchImage;
				GCC_PRECOMPILE_PREFIX_HEADER = YES;
				GCC_PREFIX_HEADER = "Code/Resources/TemplateProject-Prefix.pch";
				INFOPLIST_FILE = "Code/Resources/TemplateProject-Info.plist";
				PRODUCT_NAME = TemplateProject;
				WRAPPER_EXTENSION = app;
			};
			name = Staging;
		};
		0E5FC133185620FC001A395D /* Staging */ = {
			isa = XCBuildConfiguration;
			buildSettings = {
				ARCHS = "$(ARCHS_STANDARD_INCLUDING_64_BIT)";
				BUNDLE_LOADER = "$(BUILT_PRODUCTS_DIR)/templateProject.app/templateProject";
				FRAMEWORK_SEARCH_PATHS = (
					"$(SDKROOT)/Developer/Library/Frameworks",
					"$(inherited)",
					"$(DEVELOPER_FRAMEWORKS_DIR)",
				);
				GCC_PRECOMPILE_PREFIX_HEADER = YES;
				GCC_PREFIX_HEADER = "templateProject/templateProject-Prefix.pch";
				INFOPLIST_FILE = "templateProjectTests/TemplateProjectTests-Info.plist";
				PRODUCT_NAME = TemplateProjectTests;
				TEST_HOST = "$(BUNDLE_LOADER)";
				WRAPPER_EXTENSION = xctest;
			};
			name = Staging;
		};
/* End XCBuildConfiguration section */

/* Begin XCConfigurationList section */
		0E5FC0F7185620E4001A395D /* Build configuration list for PBXProject "TemplateProject" */ = {
			isa = XCConfigurationList;
			buildConfigurations = (
				0E5FC126185620E4001A395D /* Debug */,
				0E5FC127185620E4001A395D /* Release */,
				0E5FC12E185620F4001A395D /* Snapshot */,
				0E5FC131185620FC001A395D /* Staging */,
			);
			defaultConfigurationIsVisible = 0;
			defaultConfigurationName = Release;
		};
		0E5FC128185620E4001A395D /* Build configuration list for PBXNativeTarget "TemplateProject" */ = {
			isa = XCConfigurationList;
			buildConfigurations = (
				0E5FC129185620E4001A395D /* Debug */,
				0E5FC12A185620E4001A395D /* Release */,
				0E5FC12F185620F4001A395D /* Snapshot */,
				0E5FC132185620FC001A395D /* Staging */,
			);
			defaultConfigurationIsVisible = 0;
			defaultConfigurationName = Release;
		};
		0E5FC12B185620E4001A395D /* Build configuration list for PBXNativeTarget "TemplateProjectTests" */ = {
			isa = XCConfigurationList;
			buildConfigurations = (
				0E5FC12C185620E4001A395D /* Debug */,
				0E5FC12D185620E4001A395D /* Release */,
				0E5FC130185620F4001A395D /* Snapshot */,
				0E5FC133185620FC001A395D /* Staging */,
			);
			defaultConfigurationIsVisible = 0;
			defaultConfigurationName = Release;
		};
/* End XCConfigurationList section */
	};
	rootObject = 0E5FC0F4185620E4001A395D /* Project object */;
}
